# THIS IS AN AUTOGENERATED FILE. DO NOT EDIT THIS FILE DIRECTLY.
# yarn lockfile v1


lodash@^4.17.10, lodash@^4.17.5:
  version "4.17.13"
  resolved "https://registry.yarnpkg.com/lodash/-/lodash-4.17.13.tgz#0bdc3a6adc873d2f4e0c4bac285df91b64fc7b93"
  integrity sha512-vm3/XWXfWtRua0FkUyEHBZy8kCPjErNBT9fJx8Zvs+U6zjqPbTUOpkaoum3O5uiA8sm+yNMHXfYkTUHFoMxFNA==

webpack-merge@^4.2.1:
  version "4.2.1"
  resolved "https://registry.yarnpkg.com/webpack-merge/-/webpack-merge-4.2.1.tgz#5e923cf802ea2ace4fd5af1d3247368a633489b4"
  integrity sha512-4p8WQyS98bUJcCvFMbdGZyZmsKuWjWVnVHnAS3FFg0HDaRVrPbkivx2RYCre8UiemD67RsiFFLfn4JhLAin8Vw==
  dependencies:
    lodash "^4.17.5"
