# THIS IS AN AUTOGENERATED FILE. DO NOT EDIT THIS FILE DIRECTLY.
# yarn lockfile v1


"@angular-builders/custom-webpack@file:../../angular-builders-custom-webpack-v8.0.0-beta.2.tgz":
  version "8.0.0-beta.2"
  resolved "file:../../angular-builders-custom-webpack-v8.0.0-beta.2.tgz#6e1dd3a66ff26c9b507b82abefbd064817585fe7"
  dependencies:
    lodash "^4.17.10"
    webpack-merge "^4.2.1"

lodash@^4.17.10, lodash@^4.17.5:
  version "4.17.11"
  resolved "https://registry.yarnpkg.com/lodash/-/lodash-4.17.11.tgz#b39ea6229ef607ecd89e2c8df12536891cac9b8d"
  integrity sha512-cQKh8igo5QUhZ7lg38DYWAxMvjSAKG0A8wGSVimP07SIUEK2UO+arSRKbRZWtelMtN5V0Hkwh5ryOto/SshYIg==

webpack-merge@^4.2.1:
  version "4.2.1"
  resolved "https://registry.yarnpkg.com/webpack-merge/-/webpack-merge-4.2.1.tgz#5e923cf802ea2ace4fd5af1d3247368a633489b4"
  integrity sha512-4p8WQyS98bUJcCvFMbdGZyZmsKuWjWVnVHnAS3FFg0HDaRVrPbkivx2RYCre8UiemD67RsiFFLfn4JhLAin8Vw==
  dependencies:
    lodash "^4.17.5"
