# THIS IS AN AUTOGENERATED FILE. DO NOT EDIT THIS FILE DIRECTLY.
# yarn lockfile v1


"@types/jest@^23.3.1":
  version "23.3.1"
  resolved "https://registry.yarnpkg.com/@types/jest/-/jest-23.3.1.tgz#a4319aedb071d478e6f407d1c4578ec8156829cf"
  integrity sha512-/UMY+2GkOZ27Vrc51pqC5J8SPd39FKt7kkoGAtWJ8s4msj0b15KehDWIiJpWY3/7tLxBQLLzJhIBhnEsXdzpgw==

closest-file-data@^0.1.4:
  version "0.1.4"
  resolved "https://registry.yarnpkg.com/closest-file-data/-/closest-file-data-0.1.4.tgz#975f87c132f299d24a0375b9f63ca3fb88f72b3a"
  integrity sha1-l1+HwTLymdJKA3W59jyj+4j3Kzo=

fs-extra@6.0.1:
  version "6.0.1"
  resolved "https://registry.yarnpkg.com/fs-extra/-/fs-extra-6.0.1.tgz#8abc128f7946e310135ddc93b98bddb410e7a34b"
  integrity sha512-GnyIkKhhzXZUWFCaJzvyDLEEgDkPfb4/TPvJCJVuS8MWZgoSsErf++QpiAlDnKFcqhRlm+tIOcencCjyJE6ZCA==
  dependencies:
    graceful-fs "^4.1.2"
    jsonfile "^4.0.0"
    universalify "^0.1.0"

graceful-fs@^4.1.2, graceful-fs@^4.1.6:
  version "4.1.11"
  resolved "https://registry.yarnpkg.com/graceful-fs/-/graceful-fs-4.1.11.tgz#0e8bdfe4d1ddb8854d64e04ea7c00e2a026e5658"
  integrity sha1-Dovf5NHduIVNZOBOp8AOKgJuVlg=

jest-preset-angular@^6.0.0:
  version "6.0.0"
  resolved "https://registry.yarnpkg.com/jest-preset-angular/-/jest-preset-angular-6.0.0.tgz#f37fd4ba7984a6bb9d97efc5def510b2323ed750"
  integrity sha512-t59RABr1EEqXkYGI0Uz0x9QsndYiUUlaUe69hGP2joTJEYFw6JIwnIrORM4E1QhvIkqN9PQt5qoTuls3pnYTHA==
  dependencies:
    "@types/jest" "^23.3.1"
    jest-zone-patch "^0.0.8"
    ts-jest "^23.1.2"

jest-zone-patch@^0.0.8:
  version "0.0.8"
  resolved "https://registry.yarnpkg.com/jest-zone-patch/-/jest-zone-patch-0.0.8.tgz#90fa3b5b60e95ad3e624dd2c3eb59bb1dcabd371"
  integrity sha1-kPo7W2DpWtPmJN0sPrWbsdyr03E=

json5@^0.5.0:
  version "0.5.1"
  resolved "https://registry.yarnpkg.com/json5/-/json5-0.5.1.tgz#1eade7acc012034ad84e2396767ead9fa5495821"
  integrity sha1-Hq3nrMASA0rYTiOWdn6tn6VJWCE=

jsonfile@^4.0.0:
  version "4.0.0"
  resolved "https://registry.yarnpkg.com/jsonfile/-/jsonfile-4.0.0.tgz#8771aae0799b64076b76640fca058f9c10e33ecb"
  integrity sha1-h3Gq4HmbZAdrdmQPygWPnBDjPss=
  optionalDependencies:
    graceful-fs "^4.1.6"

lodash@^4.17.10:
  version "4.17.10"
  resolved "https://registry.yarnpkg.com/lodash/-/lodash-4.17.10.tgz#1b7793cf7259ea38fb3661d4d38b3260af8ae4e7"
  integrity sha512-UejweD1pDoXu+AD825lWwp4ZGtSwgnpZxb3JDViD7StjQz+Nb/6l093lx4OQ0foGWNRoc19mWy7BzL+UAK2iVg==

ts-jest@^23.1.2:
  version "23.1.4"
  resolved "https://registry.yarnpkg.com/ts-jest/-/ts-jest-23.1.4.tgz#66ac1d8d3fbf8f9a98432b11aa377aa850664b2b"
  integrity sha512-9rCSxbWfoZxxeXnSoEIzRNr9hDIQ8iEJAWmSRsWhDHDT8OeuGfURhJQUE8jtJlkyEygs6rngH8RYtHz9cfjmEA==
  dependencies:
    closest-file-data "^0.1.4"
    fs-extra "6.0.1"
    json5 "^0.5.0"
    lodash "^4.17.10"

universalify@^0.1.0:
  version "0.1.2"
  resolved "https://registry.yarnpkg.com/universalify/-/universalify-0.1.2.tgz#b646f69be3942dabcecc9d6639c80dc105efaa66"
  integrity sha512-rBJeI5CXAlmy1pV+617WB9J63U6XcazHHF2f2dbJix4XzpUF0RS3Zbj0FGIOCAva5P/d/GBOYaACQ1w+0azUkg==
