# THIS IS AN AUTOGENERATED FILE. DO NOT EDIT THIS FILE DIRECTLY.
# yarn lockfile v1


"@types/jest@^23.3.10":
  version "23.3.12"
  resolved "https://registry.yarnpkg.com/@types/jest/-/jest-23.3.12.tgz#7e0ced251fa94c3bc2d1023d4b84b2992fa06376"
  integrity sha512-/kQvbVzdEpOq4tEWT79yAHSM4nH4xMlhJv2GrLVQt4Qmo8yYsPdioBM1QpN/2GX1wkfMnyXvdoftvLUr0LBj7Q==

bs-logger@0.x:
  version "0.2.6"
  resolved "https://registry.yarnpkg.com/bs-logger/-/bs-logger-0.2.6.tgz#eb7d365307a72cf974cc6cda76b68354ad336bd8"
  integrity sha512-pd8DCoxmbgc7hyPKOvxtqNcjYoOsABPQdcCUjGp3d42VR2CX1ORhk2A87oqqu5R1kk+76nsxZupkmyd+MVtCog==
  dependencies:
    fast-json-stable-stringify "2.x"

buffer-from@1.x:
  version "1.1.1"
  resolved "https://registry.yarnpkg.com/buffer-from/-/buffer-from-1.1.1.tgz#32713bc028f75c02fdb710d7c7bcec1f2c6070ef"
  integrity sha512-MQcXEUbCKtEo7bhqEs6560Hyd4XaovZlO/k9V3hjVUF/zwW7KBVdSK4gIt/bzwS9MbR5qob+F5jusZsb0YQK2A==

camelcase@^4.1.0:
  version "4.1.0"
  resolved "https://registry.yarnpkg.com/camelcase/-/camelcase-4.1.0.tgz#d545635be1e33c542649c69173e5de6acfae34dd"
  integrity sha1-1UVjW+HjPFQmScaRc+Xeas+uNN0=

fast-json-stable-stringify@2.x:
  version "2.0.0"
  resolved "https://registry.yarnpkg.com/fast-json-stable-stringify/-/fast-json-stable-stringify-2.0.0.tgz#d5142c0caee6b1189f87d3a76111064f86c8bbf2"
  integrity sha1-1RQsDK7msRifh9OnYREGT4bIu/I=

jest-preset-angular@7.0.0-alpha.2:
  version "7.0.0-alpha.2"
  resolved "https://registry.yarnpkg.com/jest-preset-angular/-/jest-preset-angular-7.0.0-alpha.2.tgz#fa2aec4bf48427e308992c772be39898d3e9b154"
  integrity sha512-Yiab9U+lwA1looXyTb551n3mdZ343lhDcVXECaB95QAg8cbhlCGQQMe4ilT/kX/4DFqjmOUISC3BlxIb+yl1Pw==
  dependencies:
    "@types/jest" "^23.3.10"
    jest-zone-patch ">=0.0.9 <1.0.0"
    ts-jest "~23.10.0"

"jest-zone-patch@>=0.0.9 <1.0.0":
  version "0.0.10"
  resolved "https://registry.yarnpkg.com/jest-zone-patch/-/jest-zone-patch-0.0.10.tgz#58252f44ab4aad45aaed62a705819577b9709b82"
  integrity sha512-K5uHLHgMgi2Eyj74gbY+xSeGGekb5U48bXsgDwgipRbFdaekyZK+TAcp8auamqU4UjrAt5S4sIUZz/2bBNyTTA==

json5@2.x:
  version "2.1.0"
  resolved "https://registry.yarnpkg.com/json5/-/json5-2.1.0.tgz#e7a0c62c48285c628d20a10b85c89bb807c32850"
  integrity sha512-8Mh9h6xViijj36g7Dxi+Y4S6hNGV96vcJZr/SrlHh1LR/pEn/8j/+qIBbs44YKl69Lrfctp4QD+AdWLTMqEZAQ==
  dependencies:
    minimist "^1.2.0"

lodash@^4.17.10:
  version "4.17.11"
  resolved "https://registry.yarnpkg.com/lodash/-/lodash-4.17.11.tgz#b39ea6229ef607ecd89e2c8df12536891cac9b8d"
  integrity sha512-cQKh8igo5QUhZ7lg38DYWAxMvjSAKG0A8wGSVimP07SIUEK2UO+arSRKbRZWtelMtN5V0Hkwh5ryOto/SshYIg==

make-error@1.x:
  version "1.3.5"
  resolved "https://registry.yarnpkg.com/make-error/-/make-error-1.3.5.tgz#efe4e81f6db28cadd605c70f29c831b58ef776c8"
  integrity sha512-c3sIjNUow0+8swNwVpqoH4YCShKNFkMaw6oH1mNS2haDZQqkeZFlHS3dhoeEbKKmJB4vXpJucU6oH75aDYeE9g==

minimist@0.0.8:
  version "0.0.8"
  resolved "https://registry.yarnpkg.com/minimist/-/minimist-0.0.8.tgz#857fcabfc3397d2625b8228262e86aa7a011b05d"
  integrity sha1-hX/Kv8M5fSYluCKCYuhqp6ARsF0=

minimist@^1.2.0:
  version "1.2.0"
  resolved "https://registry.yarnpkg.com/minimist/-/minimist-1.2.0.tgz#a35008b20f41383eec1fb914f4cd5df79a264284"
  integrity sha1-o1AIsg9BOD7sH7kU9M1d95omQoQ=

mkdirp@0.x:
  version "0.5.1"
  resolved "https://registry.yarnpkg.com/mkdirp/-/mkdirp-0.5.1.tgz#30057438eac6cf7f8c4767f38648d6697d75c903"
  integrity sha1-MAV0OOrGz3+MR2fzhkjWaX11yQM=
  dependencies:
    minimist "0.0.8"

path-parse@^1.0.6:
  version "1.0.6"
  resolved "https://registry.yarnpkg.com/path-parse/-/path-parse-1.0.6.tgz#d62dbb5679405d72c4737ec58600e9ddcf06d24c"
  integrity sha512-GSmOT2EbHrINBf9SR7CDELwlJ8AENk3Qn7OikK4nFYAu3Ote2+JYNVvkpAEQm3/TLNEJFD/xZJjzyxg3KBWOzw==

resolve@1.x:
  version "1.9.0"
  resolved "https://registry.yarnpkg.com/resolve/-/resolve-1.9.0.tgz#a14c6fdfa8f92a7df1d996cb7105fa744658ea06"
  integrity sha512-TZNye00tI67lwYvzxCxHGjwTNlUV70io54/Ed4j6PscB8xVfuBJpRenI/o6dVk0cY0PYTY27AgCoGGxRnYuItQ==
  dependencies:
    path-parse "^1.0.6"

semver@^5.5:
  version "5.6.0"
  resolved "https://registry.yarnpkg.com/semver/-/semver-5.6.0.tgz#7e74256fbaa49c75aa7c7a205cc22799cac80004"
  integrity sha512-RS9R6R35NYgQn++fkDWaOmqGoj4Ek9gGs+DPxNUZKuwE183xjJroKvyo1IzVFeXvUrvmALy6FWD5xrdJT25gMg==

ts-jest@~23.10.0:
  version "23.10.5"
  resolved "https://registry.yarnpkg.com/ts-jest/-/ts-jest-23.10.5.tgz#cdb550df4466a30489bf70ba867615799f388dd5"
  integrity sha512-MRCs9qnGoyKgFc8adDEntAOP64fWK1vZKnOYU1o2HxaqjdJvGqmkLCPCnVq1/If4zkUmEjKPnCiUisTrlX2p2A==
  dependencies:
    bs-logger "0.x"
    buffer-from "1.x"
    fast-json-stable-stringify "2.x"
    json5 "2.x"
    make-error "1.x"
    mkdirp "0.x"
    resolve "1.x"
    semver "^5.5"
    yargs-parser "10.x"

yargs-parser@10.x:
  version "10.1.0"
  resolved "https://registry.yarnpkg.com/yargs-parser/-/yargs-parser-10.1.0.tgz#7202265b89f7e9e9f2e5765e0fe735a905edbaa8"
  integrity sha512-VCIyR1wJoEBZUqk5PA+oOBF6ypbwh5aNB3I50guxAL/quggdfs4TtNHQrSazFA3fYZ+tEqfs0zIGlv0c/rgjbQ==
  dependencies:
    camelcase "^4.1.0"
