# THIS IS AN AUTOGENERATED FILE. DO NOT EDIT THIS FILE DIRECTLY.
# yarn lockfile v1


"@types/dateformat@^3.0.0":
  version "3.0.0"
  resolved "https://registry.yarnpkg.com/@types/dateformat/-/dateformat-3.0.0.tgz#d3cbfa8ac3789990592f3d9585331cdb2c5f979f"
  integrity sha512-4N/J/ISasvUYOPnr5gfYRp+YYmPhHqkAyUgP9T9/HQHFoIfjU53lt3jaX67VuTvhpF5WsyNlCcEFbpI3spdxEA==

dateformat@^3.0.3:
  version "3.0.3"
  resolved "https://registry.yarnpkg.com/dateformat/-/dateformat-3.0.3.tgz#a6e37499a4d9a9cf85ef5872044d62901c9889ae"
  integrity sha512-jyCETtSl3VMZMWeRo7iY1FL19ges1t55hMo5yaam4Jrsm5EPL89UQkoQRyiI+Yf4k8r2ZpdngkV8hr1lIdjb3Q==
