# THIS IS AN AUTOGENERATED FILE. DO NOT EDIT THIS FILE DIRECTLY.
# yarn lockfile v1


"@types/dateformat@^1.0.1":
  version "1.0.1"
  resolved "https://registry.yarnpkg.com/@types/dateformat/-/dateformat-1.0.1.tgz#2e5b235c8c55652c4fec284506d2a36fe65fe87e"

dateformat@^3.0.3:
  version "3.0.3"
  resolved "https://registry.yarnpkg.com/dateformat/-/dateformat-3.0.3.tgz#a6e37499a4d9a9cf85ef5872044d62901c9889ae"
