# THIS IS AN AUTOGENERATED FILE. DO NOT EDIT THIS FILE DIRECTLY.
# yarn lockfile v1


"@types/dateformat@^3.0.0":
  version "3.0.1"
  resolved "https://registry.yarnpkg.com/@types/dateformat/-/dateformat-3.0.1.tgz#98d747a2e5e9a56070c6bf14e27bff56204e34cc"
  integrity sha512-KlPPdikagvL6ELjWsljbyDIPzNCeliYkqRpI+zea99vBBbCIA5JNshZAwQKTON139c87y9qvTFVgkFd14rtS4g==

dateformat@^3.0.3:
  version "3.0.3"
  resolved "https://registry.yarnpkg.com/dateformat/-/dateformat-3.0.3.tgz#a6e37499a4d9a9cf85ef5872044d62901c9889ae"
  integrity sha512-jyCETtSl3VMZMWeRo7iY1FL19ges1t55hMo5yaam4Jrsm5EPL89UQkoQRyiI+Yf4k8r2ZpdngkV8hr1lIdjb3Q==
