{
    "name": "@bazel/angular",
    "version": "0.0.0-PLACEHOLDER",
    "lockfileVersion": 1,
    "requires": true,
    "dependencies": {
        "@angular-devkit/architect": {
            "version": "0.901.7",
            "resolved": "https://registry.npmjs.org/@angular-devkit/architect/-/architect-0.901.7.tgz",
            "integrity": "sha512-yW/PUEqle55QihOFbmeNXaVTodhfeXkteoFDUpz+YpX3xiQDXDtNbIJSzKOQTojtBKdSMKMvZkQLr+RAa7/1EA==",
            "requires": {
                "@angular-devkit/core": "9.1.7",
                "rxjs": "6.5.4"
            }
        },
        "@angular-devkit/core": {
            "version": "9.1.7",
            "resolved": "https://registry.npmjs.org/@angular-devkit/core/-/core-9.1.7.tgz",
            "integrity": "sha512-guvolu9Cl+qYMTtedLZD9wCqustJjdqzJ2psD2C1Sr1LrX9T0mprmDldR/YnhsitThveJEb6sM/0EvqWxoSvKw==",
            "requires": {
                "ajv": "6.12.0",
                "fast-json-stable-stringify": "2.1.0",
                "magic-string": "0.25.7",
                "rxjs": "6.5.4",
                "source-map": "0.7.3"
            }
        },
        "@bazel/bazelisk": {
            "version": "1.4.0",
            "resolved": "https://registry.npmjs.org/@bazel/bazelisk/-/bazelisk-1.4.0.tgz",
            "integrity": "sha512-VNI/jF7baQiBy4x+u8gmSDsFehqaAuzMyLuCj0j6/aZCZSw2OssytJVj73m8sFYbXgj67D8iYEQ0gbuoafDk6w=="
        },
        "@bazel/ibazel": {
            "version": "0.13.1",
            "resolved": "https://registry.npmjs.org/@bazel/ibazel/-/ibazel-0.13.1.tgz",
            "integrity": "sha512-FO1hBKpzpeBL0adnFYF2Dwl/7gox6ccKM6bb+x26AXrQpLbinXPuTi4zeXRL/MW4383mF6i4RovLCmwUU/YW0w=="
        },
        "@types/node": {
            "version": "14.0.5",
            "resolved": "https://registry.npmjs.org/@types/node/-/node-14.0.5.tgz",
            "integrity": "sha512-90hiq6/VqtQgX8Sp0EzeIsv3r+ellbGj4URKj5j30tLlZvRUpnAe9YbYnjl3pJM93GyXU0tghHhvXHq+5rnCKA==",
            "dev": true
        },
        "ajv": {
            "version": "6.12.0",
            "resolved": "https://registry.npmjs.org/ajv/-/ajv-6.12.0.tgz",
            "integrity": "sha512-D6gFiFA0RRLyUbvijN74DWAjXSFxWKaWP7mldxkVhyhAV3+SWA9HEJPHQ2c9soIeTFJqcSdFDGFgdqs1iUU2Hw==",
            "requires": {
                "fast-deep-equal": "^3.1.1",
                "fast-json-stable-stringify": "^2.0.0",
                "json-schema-traverse": "^0.4.1",
                "uri-js": "^4.2.2"
            }
        },
        "fast-deep-equal": {
            "version": "3.1.1",
            "resolved": "https://registry.npmjs.org/fast-deep-equal/-/fast-deep-equal-3.1.1.tgz",
            "integrity": "sha512-8UEa58QDLauDNfpbrX55Q9jrGHThw2ZMdOky5Gl1CDtVeJDPVrG4Jxx1N8jw2gkWaff5UUuX1KJd+9zGe2B+ZA=="
        },
        "fast-json-stable-stringify": {
            "version": "2.1.0",
            "resolved": "https://registry.npmjs.org/fast-json-stable-stringify/-/fast-json-stable-stringify-2.1.0.tgz",
            "integrity": "sha512-lhd/wF+Lk98HZoTCtlVraHtfh5XYijIjalXck7saUtuanSDyLMxnHhSXEDJqHxD7msR8D0uCmqlkwjCV8xvwHw=="
        },
        "json-schema-traverse": {
            "version": "0.4.1",
            "resolved": "https://registry.npmjs.org/json-schema-traverse/-/json-schema-traverse-0.4.1.tgz",
            "integrity": "sha512-xbbCH5dCYU5T8LcEhhuh7HJ88HXuW3qsI3Y0zOZFKfZEHcpWiHU/Jxzk629Brsab/mMiHQti9wMP+845RPe3Vg=="
        },
        "magic-string": {
            "version": "0.25.7",
            "resolved": "https://registry.npmjs.org/magic-string/-/magic-string-0.25.7.tgz",
            "integrity": "sha512-4CrMT5DOHTDk4HYDlzmwu4FVCcIYI8gauveasrdCu2IKIFOJ3f0v/8MDGJCDL9oD2ppz/Av1b0Nj345H9M+XIA==",
            "requires": {
                "sourcemap-codec": "^1.4.4"
            }
        },
        "punycode": {
            "version": "2.1.1",
            "resolved": "https://registry.npmjs.org/punycode/-/punycode-2.1.1.tgz",
            "integrity": "sha512-XRsRjdf+j5ml+y/6GKHPZbrF/8p2Yga0JPtdqTIY2Xe5ohJPD9saDJJLPvp9+NSBprVvevdXZybnj2cv8OEd0A=="
        },
        "rxjs": {
            "version": "6.5.4",
            "resolved": "https://registry.npmjs.org/rxjs/-/rxjs-6.5.4.tgz",
            "integrity": "sha512-naMQXcgEo3csAEGvw/NydRA0fuS2nDZJiw1YUWFKU7aPPAPGZEsD4Iimit96qwCieH6y614MCLYwdkrWx7z/7Q==",
            "requires": {
                "tslib": "^1.9.0"
            }
        },
        "source-map": {
            "version": "0.7.3",
            "resolved": "https://registry.npmjs.org/source-map/-/source-map-0.7.3.tgz",
            "integrity": "sha512-CkCj6giN3S+n9qrYiBTX5gystlENnRW5jZeNLHpe6aue+SrHcG5VYwujhW9s4dY31mEGsxBDrHR6oI69fTXsaQ=="
        },
        "sourcemap-codec": {
            "version": "1.4.8",
            "resolved": "https://registry.npmjs.org/sourcemap-codec/-/sourcemap-codec-1.4.8.tgz",
            "integrity": "sha512-9NykojV5Uih4lgo5So5dtw+f0JgJX30KCNI8gwhz2J9A15wD0Ml6tjHKwf6fTSa6fAdVBdZeNOs9eJ71qCk8vA=="
        },
        "tslib": {
            "version": "1.13.0",
            "resolved": "https://registry.npmjs.org/tslib/-/tslib-1.13.0.tgz",
            "integrity": "sha512-i/6DQjL8Xf3be4K/E6Wgpekn5Qasl1usyw++dAA35Ue5orEn65VIxOA+YvNNl9HV3qv70T7CNwjODHZrLwvd1Q=="
        },
        "typescript": {
            "version": "3.9.3",
            "resolved": "https://registry.npmjs.org/typescript/-/typescript-3.9.3.tgz",
            "integrity": "sha512-D/wqnB2xzNFIcoBG9FG8cXRDjiqSTbG2wd8DMZeQyJlP1vfTkIxH4GKveWaEBYySKIg+USu+E+EDIR47SqnaMQ==",
            "dev": true
        },
        "uri-js": {
            "version": "4.2.2",
            "resolved": "https://registry.npmjs.org/uri-js/-/uri-js-4.2.2.tgz",
            "integrity": "sha512-KY9Frmirql91X2Qgjry0Wd4Y+YTdrdZheS8TFwvkbLWf/G5KNJDCh6pKL5OZctEW4+0Baa5idK2ZQuELRwPznQ==",
            "requires": {
                "punycode": "^2.1.0"
            }
        }
    }
}
